
Microsoft Visual Studio Solution File, Format Version 12.00
# Visual Studio 15
VisualStudioVersion = 15.0.27428.2015
MinimumVisualStudioVersion = 10.0.40219.1
Project("{FAE04EC0-301F-11D3-BF4B-00C04F79EFBC}") = "FormInfo", "FormInfo\FormInfo.csproj", "{2B1B57DE-79BC-45B6-86EC-5B036998B605}"
EndProject
Global
	GlobalSection(SolutionConfigurationPlatforms) = preSolution
		Debug|Any CPU = Debug|Any CPU
		Release|Any CPU = Release|Any CPU
	EndGlobalSection
	GlobalSection(ProjectConfigurationPlatforms) = postSolution
		{2B1B57DE-79BC-45B6-86EC-5B036998B605}.Debug|Any CPU.ActiveCfg = Debug|Any CPU
		{2B1B57DE-79BC-45B6-86EC-5B036998B605}.Debug|Any CPU.Build.0 = Debug|Any CPU
		{2B1B57DE-79BC-45B6-86EC-5B036998B605}.Release|Any CPU.ActiveCfg = Release|Any CPU
		{2B1B57DE-79BC-45B6-86EC-5B036998B605}.Release|Any CPU.Build.0 = Release|Any CPU
	EndGlobalSection
	GlobalSection(SolutionProperties) = preSolution
		HideSolutionNode = FALSE
	EndGlobalSection
	GlobalSection(ExtensibilityGlobals) = postSolution
		SolutionGuid = {EE558081-613F-46B1-A8C5-6F94053844F9}
	EndGlobalSection
EndGlobal
